
Microsoft Visual Studio Solution File, Format Version 9.00
# Visual Studio 2005
Project("{8BC9CEB8-8B4A-11D0-8D11-00A0C91BC942}") = "myFirstKernel", "myFirstKernel.vcproj", "{4AEC260A-3968-4105-A456-BEE1FDE642C3}"
EndProject
Global
	GlobalSection(SolutionConfigurationPlatforms) = preSolution
		Debug|Win32 = Debug|Win32
		EmuDebug|Win32 = EmuDebug|Win32
		EmuRelease|Win32 = EmuRelease|Win32
		Release|Win32 = Release|Win32
	EndGlobalSection
	GlobalSection(ProjectConfigurationPlatforms) = postSolution
		{4AEC260A-3968-4105-A456-BEE1FDE642C3}.Debug|Win32.ActiveCfg = Debug|Win32
		{4AEC260A-3968-4105-A456-BEE1FDE642C3}.Debug|Win32.Build.0 = Debug|Win32
		{4AEC260A-3968-4105-A456-BEE1FDE642C3}.EmuDebug|Win32.ActiveCfg = EmuDebug|Win32
		{4AEC260A-3968-4105-A456-BEE1FDE642C3}.EmuDebug|Win32.Build.0 = EmuDebug|Win32
		{4AEC260A-3968-4105-A456-BEE1FDE642C3}.EmuRelease|Win32.ActiveCfg = EmuRelease|Win32
		{4AEC260A-3968-4105-A456-BEE1FDE642C3}.EmuRelease|Win32.Build.0 = EmuRelease|Win32
		{4AEC260A-3968-4105-A456-BEE1FDE642C3}.Release|Win32.ActiveCfg = Release|Win32
		{4AEC260A-3968-4105-A456-BEE1FDE642C3}.Release|Win32.Build.0 = Release|Win32
	EndGlobalSection
	GlobalSection(SolutionProperties) = preSolution
		HideSolutionNode = FALSE
	EndGlobalSection
EndGlobal
